
Microsoft Visual Studio Solution File, Format Version 12.00
# Visual Studio Version 17
VisualStudioVersion = 17.9.34728.123
MinimumVisualStudioVersion = 10.0.40219.1
Project("{FAE04EC0-301F-11D3-BF4B-00C04F79EFBC}") = "Test1", "Test1\Test1.csproj", "{D6C8D298-A466-47C3-A203-B7A16ACA0B67}"
EndProject
Global
	GlobalSection(SolutionConfigurationPlatforms) = preSolution
		Debug|Any CPU = Debug|Any CPU
		Release|Any CPU = Release|Any CPU
	EndGlobalSection
	GlobalSection(ProjectConfigurationPlatforms) = postSolution
		{D6C8D298-A466-47C3-A203-B7A16ACA0B67}.Debug|Any CPU.ActiveCfg = Debug|Any CPU
		{D6C8D298-A466-47C3-A203-B7A16ACA0B67}.Debug|Any CPU.Build.0 = Debug|Any CPU
		{D6C8D298-A466-47C3-A203-B7A16ACA0B67}.Release|Any CPU.ActiveCfg = Release|Any CPU
		{D6C8D298-A466-47C3-A203-B7A16ACA0B67}.Release|Any CPU.Build.0 = Release|Any CPU
	EndGlobalSection
	GlobalSection(SolutionProperties) = preSolution
		HideSolutionNode = FALSE
	EndGlobalSection
	GlobalSection(ExtensibilityGlobals) = postSolution
		SolutionGuid = {FC08F8F5-4AB5-4424-B9C0-786B0269BC3F}
	EndGlobalSection
EndGlobal
