
Microsoft Visual Studio Solution File, Format Version 11.00
# Visual Studio 2010
Project("{FAE04EC0-301F-11D3-BF4B-00C04F79EFBC}") = "ClassesAndMore", "ClassesAndMore\ClassesAndMore.csproj", "{C834DA40-4D77-4BE0-BF4E-1DA6A1A72F21}"
EndProject
Global
	GlobalSection(SolutionConfigurationPlatforms) = preSolution
		Debug|x86 = Debug|x86
		Release|x86 = Release|x86
	EndGlobalSection
	GlobalSection(ProjectConfigurationPlatforms) = postSolution
		{C834DA40-4D77-4BE0-BF4E-1DA6A1A72F21}.Debug|x86.ActiveCfg = Debug|x86
		{C834DA40-4D77-4BE0-BF4E-1DA6A1A72F21}.Debug|x86.Build.0 = Debug|x86
		{C834DA40-4D77-4BE0-BF4E-1DA6A1A72F21}.Release|x86.ActiveCfg = Release|x86
		{C834DA40-4D77-4BE0-BF4E-1DA6A1A72F21}.Release|x86.Build.0 = Release|x86
	EndGlobalSection
	GlobalSection(SolutionProperties) = preSolution
		HideSolutionNode = FALSE
	EndGlobalSection
EndGlobal
