
Microsoft Visual Studio Solution File, Format Version 12.00
# Visual Studio 15
VisualStudioVersion = 15.0.26403.7
MinimumVisualStudioVersion = 10.0.40219.1
Project("{FAE04EC0-301F-11D3-BF4B-00C04F79EFBC}") = "WPFAdventureGame", "AdventureGame\WPFAdventureGame.csproj", "{B2E5C35A-E6B7-47A1-B18A-E994E87EB2C8}"
EndProject
Project("{FAE04EC0-301F-11D3-BF4B-00C04F79EFBC}") = "adventure-game", "AdventureGame\adventure-game.csproj", "{B38C860D-C05C-4500-8A2D-3115D2C54114}"
EndProject
Global
	GlobalSection(SolutionConfigurationPlatforms) = preSolution
		Debug|Any CPU = Debug|Any CPU
		Release|Any CPU = Release|Any CPU
	EndGlobalSection
	GlobalSection(ProjectConfigurationPlatforms) = postSolution
		{B2E5C35A-E6B7-47A1-B18A-E994E87EB2C8}.Debug|Any CPU.ActiveCfg = Debug|Any CPU
		{B2E5C35A-E6B7-47A1-B18A-E994E87EB2C8}.Debug|Any CPU.Build.0 = Debug|Any CPU
		{B2E5C35A-E6B7-47A1-B18A-E994E87EB2C8}.Release|Any CPU.ActiveCfg = Release|Any CPU
		{B2E5C35A-E6B7-47A1-B18A-E994E87EB2C8}.Release|Any CPU.Build.0 = Release|Any CPU
		{B38C860D-C05C-4500-8A2D-3115D2C54114}.Debug|Any CPU.ActiveCfg = Debug|Any CPU
		{B38C860D-C05C-4500-8A2D-3115D2C54114}.Debug|Any CPU.Build.0 = Debug|Any CPU
		{B38C860D-C05C-4500-8A2D-3115D2C54114}.Release|Any CPU.ActiveCfg = Release|Any CPU
		{B38C860D-C05C-4500-8A2D-3115D2C54114}.Release|Any CPU.Build.0 = Release|Any CPU
	EndGlobalSection
	GlobalSection(SolutionProperties) = preSolution
		HideSolutionNode = FALSE
	EndGlobalSection
EndGlobal
