
Microsoft Visual Studio Solution File, Format Version 12.00
# Visual Studio Version 17
VisualStudioVersion = 17.9.34728.123
MinimumVisualStudioVersion = 10.0.40219.1
Project("{FAE04EC0-301F-11D3-BF4B-00C04F79EFBC}") = "TaxCalc", "Step02\TaxCalc\TaxCalc\TaxCalc.csproj", "{4AB97292-1C52-4580-9925-DACB6340C1B6}"
EndProject
Project("{FAE04EC0-301F-11D3-BF4B-00C04F79EFBC}") = "DataTypes", "Step02\DataTypes\DataTypes\DataTypes.csproj", "{2489C07E-9AFE-4DAE-8794-79D70A73D3BA}"
EndProject
Project("{FAE04EC0-301F-11D3-BF4B-00C04F79EFBC}") = "Operators", "Step03\Operators\Operators\Operators.csproj", "{D501ED63-AEAF-40E6-8D91-E19F39F77A52}"
EndProject
Project("{FAE04EC0-301F-11D3-BF4B-00C04F79EFBC}") = "Tests", "Step03\Tests\Tests\Tests.csproj", "{DB9796B2-00B4-42E5-8656-5C2CE616E19D}"
EndProject
Project("{FAE04EC0-301F-11D3-BF4B-00C04F79EFBC}") = "Methods", "Step04\Methods\Methods\Methods.csproj", "{0D296136-803C-425B-88C7-D8EBD77E4183}"
EndProject
Project("{FAE04EC0-301F-11D3-BF4B-00C04F79EFBC}") = "GameClasses", "Step05\GameClasses\GameClasses\GameClasses.csproj", "{C3A9E993-43F6-4F66-B831-61D0C082B7DE}"
EndProject
Project("{FAE04EC0-301F-11D3-BF4B-00C04F79EFBC}") = "MyOb", "Step05\MyOb\MyOb\MyOb.csproj", "{1D96727D-D402-418C-97AE-985446E74740}"
EndProject
Project("{FAE04EC0-301F-11D3-BF4B-00C04F79EFBC}") = "arrays", "Step06\arrays\arrays.csproj", "{1FE614FC-C6CC-4101-A711-C5B72DE9FDF6}"
EndProject
Project("{FAE04EC0-301F-11D3-BF4B-00C04F79EFBC}") = "editor", "Step06\editor\editor.csproj", "{6FBE5F7F-448F-4B73-AF9A-05657A51AF53}"
EndProject
Project("{FAE04EC0-301F-11D3-BF4B-00C04F79EFBC}") = "strings", "Step06\strings\strings.csproj", "{1325F578-9D53-4EBA-818F-5868283B57FB}"
EndProject
Project("{FAE04EC0-301F-11D3-BF4B-00C04F79EFBC}") = "wordcount", "Step06\wordcount\wordcount.csproj", "{AA42F438-560F-4CC6-820A-E3F1638CBEBA}"
EndProject
Project("{FAE04EC0-301F-11D3-BF4B-00C04F79EFBC}") = "Dir", "Step07\Dir\Dir.csproj", "{87198339-F893-4695-A8A9-B805C0E429DE}"
EndProject
Project("{FAE04EC0-301F-11D3-BF4B-00C04F79EFBC}") = "streams", "Step07\streams\streams\streams.csproj", "{A7CE64AF-D817-49F6-AED9-1207AA47B103}"
EndProject
Project("{FAE04EC0-301F-11D3-BF4B-00C04F79EFBC}") = "ClassesAndMore", "Step08\ClassesAndMore\ClassesAndMore\ClassesAndMore.csproj", "{C834DA40-4D77-4BE0-BF4E-1DA6A1A72F21}"
EndProject
Project("{FAE04EC0-301F-11D3-BF4B-00C04F79EFBC}") = "Exceptions", "Step09\Exceptions\Exceptions\Exceptions.csproj", "{B61A3763-0753-434B-A3F0-F96F81A43407}"
EndProject
Project("{FAE04EC0-301F-11D3-BF4B-00C04F79EFBC}") = "Generics", "Step10\Generics\Generics\Generics.csproj", "{032D4072-D405-4D11-9E06-6EA005C59298}"
EndProject
Project("{FAE04EC0-301F-11D3-BF4B-00C04F79EFBC}") = "MethodTest", "Step10\MethodTest\MethodTest\MethodTest.csproj", "{E23271A2-39E0-42B9-9297-B38407BF7F07}"
EndProject
Project("{2150E333-8FDC-42A3-9474-1A3956D46DE8}") = "step01", "step01", "{CFC2FE9D-BCBB-47EF-B16B-2C5315434EF7}"
EndProject
Project("{2150E333-8FDC-42A3-9474-1A3956D46DE8}") = "step02", "step02", "{FEE05C49-48D9-4B21-9C6C-88B200008A43}"
EndProject
Project("{2150E333-8FDC-42A3-9474-1A3956D46DE8}") = "step03", "step03", "{4EA3AC3F-0FDD-43CF-8B5B-C09C354F0A92}"
EndProject
Project("{2150E333-8FDC-42A3-9474-1A3956D46DE8}") = "step04", "step04", "{81D61B4C-8BB7-4E6A-8E18-656409D73976}"
EndProject
Project("{2150E333-8FDC-42A3-9474-1A3956D46DE8}") = "step05", "step05", "{A59E12EA-B1FE-427C-8C91-F97B9217D0BC}"
EndProject
Project("{2150E333-8FDC-42A3-9474-1A3956D46DE8}") = "step06", "step06", "{5CC935C0-E6B4-4D97-A8E0-79664C7F7155}"
EndProject
Project("{2150E333-8FDC-42A3-9474-1A3956D46DE8}") = "step07", "step07", "{BCAB62F7-5304-4289-90BB-0BBB20CB5690}"
EndProject
Project("{2150E333-8FDC-42A3-9474-1A3956D46DE8}") = "step08", "step08", "{C759CDD6-C6CE-4BA0-9BBA-D9312915FB12}"
EndProject
Project("{2150E333-8FDC-42A3-9474-1A3956D46DE8}") = "step09", "step09", "{9A1E8F02-227C-413E-8A30-278678C4D8EB}"
EndProject
Project("{2150E333-8FDC-42A3-9474-1A3956D46DE8}") = "step10", "step10", "{38A3DFC3-FBF3-4923-8900-54A23F46387E}"
EndProject
Project("{FAE04EC0-301F-11D3-BF4B-00C04F79EFBC}") = "HelloWorld", "Step01\HelloWorld\HelloWorld.csproj", "{BF685FE9-2BB3-403C-A905-BCE3B4008AFF}"
EndProject
Project("{FAE04EC0-301F-11D3-BF4B-00C04F79EFBC}") = "TaxCalcTest", "Step02\TaxCalcTest\TaxCalc\TaxCalcTest.csproj", "{36987782-5D6B-47F1-9656-F3E9F22DC429}"
EndProject
Project("{FAE04EC0-301F-11D3-BF4B-00C04F79EFBC}") = "InferredTypes", "Step02\InferredTypes\InferredTypes.csproj", "{FBF4367D-7AD4-4AAC-B721-711C8BE6A5E7}"
EndProject
Project("{FAE04EC0-301F-11D3-BF4B-00C04F79EFBC}") = "Namespaces", "Step02\Namespaces\Namespaces\Namespaces.csproj", "{34D22D78-D1FF-412A-B515-C0EE57A0F3F7}"
EndProject
Project("{FAE04EC0-301F-11D3-BF4B-00C04F79EFBC}") = "ifelse", "Step03\ifelse\ifelse\ifelse.csproj", "{92CB9B20-EFFE-417E-85EB-AC2CD0F5F10F}"
EndProject
Project("{FAE04EC0-301F-11D3-BF4B-00C04F79EFBC}") = "LogicalOperators", "Step03\LogicalOperators\LogicalOperators\LogicalOperators.csproj", "{C75CEE2B-0DB8-46DC-91E3-A4B7BE414CFC}"
EndProject
Project("{FAE04EC0-301F-11D3-BF4B-00C04F79EFBC}") = "ArithmeticOps", "Step03\ArithmeticOps\ArithmeticOps\ArithmeticOps.csproj", "{F91FFA03-02AB-4B75-B0E0-9E75A400FE65}"
EndProject
Project("{FAE04EC0-301F-11D3-BF4B-00C04F79EFBC}") = "LocalFunctions", "Step04\LocalFunctions\LocalFunctions\LocalFunctions.csproj", "{D256222B-6147-4C9B-8ACB-9924BF43DC26}"
EndProject
Project("{FAE04EC0-301F-11D3-BF4B-00C04F79EFBC}") = "Scope", "Step05\Scope\Scope\Scope.csproj", "{D5A70EAE-E74A-4F64-A17B-0B90EFF94AD0}"
EndProject
Project("{FAE04EC0-301F-11D3-BF4B-00C04F79EFBC}") = "stringops", "Step06\stringops\stringops\stringops.csproj", "{C03E7DD3-9683-4725-B6B4-B64DBD9E1F96}"
EndProject
Project("{FAE04EC0-301F-11D3-BF4B-00C04F79EFBC}") = "stringinterpolation", "Step06\stringinterpolation\stringinterpolation\stringinterpolation.csproj", "{E120B360-27DB-4BF2-BC84-FFCDAB4F2904}"
EndProject
Project("{FAE04EC0-301F-11D3-BF4B-00C04F79EFBC}") = "dowhile", "Step06\dowhile\dowhile\dowhile.csproj", "{3E58986D-6477-4EAD-A6B1-9F297CFE6CAD}"
EndProject
Project("{FAE04EC0-301F-11D3-BF4B-00C04F79EFBC}") = "WindowsFormsApp1", "WindowsFormsApp1\WindowsFormsApp1.csproj", "{A24D7DC4-D3BC-44CB-A0AD-61B7DC21B60F}"
EndProject
Global
	GlobalSection(SolutionConfigurationPlatforms) = preSolution
		Debug|Any CPU = Debug|Any CPU
		Debug|x86 = Debug|x86
		Release|Any CPU = Release|Any CPU
		Release|x86 = Release|x86
	EndGlobalSection
	GlobalSection(ProjectConfigurationPlatforms) = postSolution
		{4AB97292-1C52-4580-9925-DACB6340C1B6}.Debug|Any CPU.ActiveCfg = Debug|x86
		{4AB97292-1C52-4580-9925-DACB6340C1B6}.Debug|Any CPU.Build.0 = Debug|x86
		{4AB97292-1C52-4580-9925-DACB6340C1B6}.Debug|x86.ActiveCfg = Debug|x86
		{4AB97292-1C52-4580-9925-DACB6340C1B6}.Debug|x86.Build.0 = Debug|x86
		{4AB97292-1C52-4580-9925-DACB6340C1B6}.Release|Any CPU.ActiveCfg = Release|x86
		{4AB97292-1C52-4580-9925-DACB6340C1B6}.Release|Any CPU.Build.0 = Release|x86
		{4AB97292-1C52-4580-9925-DACB6340C1B6}.Release|x86.ActiveCfg = Release|x86
		{4AB97292-1C52-4580-9925-DACB6340C1B6}.Release|x86.Build.0 = Release|x86
		{2489C07E-9AFE-4DAE-8794-79D70A73D3BA}.Debug|Any CPU.ActiveCfg = Debug|x86
		{2489C07E-9AFE-4DAE-8794-79D70A73D3BA}.Debug|Any CPU.Build.0 = Debug|x86
		{2489C07E-9AFE-4DAE-8794-79D70A73D3BA}.Debug|x86.ActiveCfg = Debug|x86
		{2489C07E-9AFE-4DAE-8794-79D70A73D3BA}.Debug|x86.Build.0 = Debug|x86
		{2489C07E-9AFE-4DAE-8794-79D70A73D3BA}.Release|Any CPU.ActiveCfg = Release|x86
		{2489C07E-9AFE-4DAE-8794-79D70A73D3BA}.Release|Any CPU.Build.0 = Release|x86
		{2489C07E-9AFE-4DAE-8794-79D70A73D3BA}.Release|x86.ActiveCfg = Release|x86
		{2489C07E-9AFE-4DAE-8794-79D70A73D3BA}.Release|x86.Build.0 = Release|x86
		{D501ED63-AEAF-40E6-8D91-E19F39F77A52}.Debug|Any CPU.ActiveCfg = Debug|x86
		{D501ED63-AEAF-40E6-8D91-E19F39F77A52}.Debug|Any CPU.Build.0 = Debug|x86
		{D501ED63-AEAF-40E6-8D91-E19F39F77A52}.Debug|x86.ActiveCfg = Debug|x86
		{D501ED63-AEAF-40E6-8D91-E19F39F77A52}.Debug|x86.Build.0 = Debug|x86
		{D501ED63-AEAF-40E6-8D91-E19F39F77A52}.Release|Any CPU.ActiveCfg = Release|x86
		{D501ED63-AEAF-40E6-8D91-E19F39F77A52}.Release|Any CPU.Build.0 = Release|x86
		{D501ED63-AEAF-40E6-8D91-E19F39F77A52}.Release|x86.ActiveCfg = Release|x86
		{D501ED63-AEAF-40E6-8D91-E19F39F77A52}.Release|x86.Build.0 = Release|x86
		{DB9796B2-00B4-42E5-8656-5C2CE616E19D}.Debug|Any CPU.ActiveCfg = Debug|x86
		{DB9796B2-00B4-42E5-8656-5C2CE616E19D}.Debug|Any CPU.Build.0 = Debug|x86
		{DB9796B2-00B4-42E5-8656-5C2CE616E19D}.Debug|x86.ActiveCfg = Debug|x86
		{DB9796B2-00B4-42E5-8656-5C2CE616E19D}.Debug|x86.Build.0 = Debug|x86
		{DB9796B2-00B4-42E5-8656-5C2CE616E19D}.Release|Any CPU.ActiveCfg = Release|x86
		{DB9796B2-00B4-42E5-8656-5C2CE616E19D}.Release|Any CPU.Build.0 = Release|x86
		{DB9796B2-00B4-42E5-8656-5C2CE616E19D}.Release|x86.ActiveCfg = Release|x86
		{DB9796B2-00B4-42E5-8656-5C2CE616E19D}.Release|x86.Build.0 = Release|x86
		{0D296136-803C-425B-88C7-D8EBD77E4183}.Debug|Any CPU.ActiveCfg = Debug|x86
		{0D296136-803C-425B-88C7-D8EBD77E4183}.Debug|Any CPU.Build.0 = Debug|x86
		{0D296136-803C-425B-88C7-D8EBD77E4183}.Debug|x86.ActiveCfg = Debug|x86
		{0D296136-803C-425B-88C7-D8EBD77E4183}.Debug|x86.Build.0 = Debug|x86
		{0D296136-803C-425B-88C7-D8EBD77E4183}.Release|Any CPU.ActiveCfg = Release|x86
		{0D296136-803C-425B-88C7-D8EBD77E4183}.Release|Any CPU.Build.0 = Release|x86
		{0D296136-803C-425B-88C7-D8EBD77E4183}.Release|x86.ActiveCfg = Release|x86
		{0D296136-803C-425B-88C7-D8EBD77E4183}.Release|x86.Build.0 = Release|x86
		{C3A9E993-43F6-4F66-B831-61D0C082B7DE}.Debug|Any CPU.ActiveCfg = Debug|x86
		{C3A9E993-43F6-4F66-B831-61D0C082B7DE}.Debug|Any CPU.Build.0 = Debug|x86
		{C3A9E993-43F6-4F66-B831-61D0C082B7DE}.Debug|x86.ActiveCfg = Debug|x86
		{C3A9E993-43F6-4F66-B831-61D0C082B7DE}.Debug|x86.Build.0 = Debug|x86
		{C3A9E993-43F6-4F66-B831-61D0C082B7DE}.Release|Any CPU.ActiveCfg = Release|x86
		{C3A9E993-43F6-4F66-B831-61D0C082B7DE}.Release|Any CPU.Build.0 = Release|x86
		{C3A9E993-43F6-4F66-B831-61D0C082B7DE}.Release|x86.ActiveCfg = Release|x86
		{C3A9E993-43F6-4F66-B831-61D0C082B7DE}.Release|x86.Build.0 = Release|x86
		{1D96727D-D402-418C-97AE-985446E74740}.Debug|Any CPU.ActiveCfg = Debug|x86
		{1D96727D-D402-418C-97AE-985446E74740}.Debug|Any CPU.Build.0 = Debug|x86
		{1D96727D-D402-418C-97AE-985446E74740}.Debug|x86.ActiveCfg = Debug|x86
		{1D96727D-D402-418C-97AE-985446E74740}.Debug|x86.Build.0 = Debug|x86
		{1D96727D-D402-418C-97AE-985446E74740}.Release|Any CPU.ActiveCfg = Release|x86
		{1D96727D-D402-418C-97AE-985446E74740}.Release|Any CPU.Build.0 = Release|x86
		{1D96727D-D402-418C-97AE-985446E74740}.Release|x86.ActiveCfg = Release|x86
		{1D96727D-D402-418C-97AE-985446E74740}.Release|x86.Build.0 = Release|x86
		{1FE614FC-C6CC-4101-A711-C5B72DE9FDF6}.Debug|Any CPU.ActiveCfg = Debug|Any CPU
		{1FE614FC-C6CC-4101-A711-C5B72DE9FDF6}.Debug|Any CPU.Build.0 = Debug|Any CPU
		{1FE614FC-C6CC-4101-A711-C5B72DE9FDF6}.Debug|x86.ActiveCfg = Debug|Any CPU
		{1FE614FC-C6CC-4101-A711-C5B72DE9FDF6}.Debug|x86.Build.0 = Debug|Any CPU
		{1FE614FC-C6CC-4101-A711-C5B72DE9FDF6}.Release|Any CPU.ActiveCfg = Release|Any CPU
		{1FE614FC-C6CC-4101-A711-C5B72DE9FDF6}.Release|Any CPU.Build.0 = Release|Any CPU
		{1FE614FC-C6CC-4101-A711-C5B72DE9FDF6}.Release|x86.ActiveCfg = Release|Any CPU
		{1FE614FC-C6CC-4101-A711-C5B72DE9FDF6}.Release|x86.Build.0 = Release|Any CPU
		{6FBE5F7F-448F-4B73-AF9A-05657A51AF53}.Debug|Any CPU.ActiveCfg = Debug|Any CPU
		{6FBE5F7F-448F-4B73-AF9A-05657A51AF53}.Debug|Any CPU.Build.0 = Debug|Any CPU
		{6FBE5F7F-448F-4B73-AF9A-05657A51AF53}.Debug|x86.ActiveCfg = Debug|Any CPU
		{6FBE5F7F-448F-4B73-AF9A-05657A51AF53}.Debug|x86.Build.0 = Debug|Any CPU
		{6FBE5F7F-448F-4B73-AF9A-05657A51AF53}.Release|Any CPU.ActiveCfg = Release|Any CPU
		{6FBE5F7F-448F-4B73-AF9A-05657A51AF53}.Release|Any CPU.Build.0 = Release|Any CPU
		{6FBE5F7F-448F-4B73-AF9A-05657A51AF53}.Release|x86.ActiveCfg = Release|Any CPU
		{6FBE5F7F-448F-4B73-AF9A-05657A51AF53}.Release|x86.Build.0 = Release|Any CPU
		{1325F578-9D53-4EBA-818F-5868283B57FB}.Debug|Any CPU.ActiveCfg = Debug|Any CPU
		{1325F578-9D53-4EBA-818F-5868283B57FB}.Debug|Any CPU.Build.0 = Debug|Any CPU
		{1325F578-9D53-4EBA-818F-5868283B57FB}.Debug|x86.ActiveCfg = Debug|Any CPU
		{1325F578-9D53-4EBA-818F-5868283B57FB}.Debug|x86.Build.0 = Debug|Any CPU
		{1325F578-9D53-4EBA-818F-5868283B57FB}.Release|Any CPU.ActiveCfg = Release|Any CPU
		{1325F578-9D53-4EBA-818F-5868283B57FB}.Release|Any CPU.Build.0 = Release|Any CPU
		{1325F578-9D53-4EBA-818F-5868283B57FB}.Release|x86.ActiveCfg = Release|Any CPU
		{1325F578-9D53-4EBA-818F-5868283B57FB}.Release|x86.Build.0 = Release|Any CPU
		{AA42F438-560F-4CC6-820A-E3F1638CBEBA}.Debug|Any CPU.ActiveCfg = Debug|Any CPU
		{AA42F438-560F-4CC6-820A-E3F1638CBEBA}.Debug|Any CPU.Build.0 = Debug|Any CPU
		{AA42F438-560F-4CC6-820A-E3F1638CBEBA}.Debug|x86.ActiveCfg = Debug|Any CPU
		{AA42F438-560F-4CC6-820A-E3F1638CBEBA}.Debug|x86.Build.0 = Debug|Any CPU
		{AA42F438-560F-4CC6-820A-E3F1638CBEBA}.Release|Any CPU.ActiveCfg = Release|Any CPU
		{AA42F438-560F-4CC6-820A-E3F1638CBEBA}.Release|Any CPU.Build.0 = Release|Any CPU
		{AA42F438-560F-4CC6-820A-E3F1638CBEBA}.Release|x86.ActiveCfg = Release|Any CPU
		{AA42F438-560F-4CC6-820A-E3F1638CBEBA}.Release|x86.Build.0 = Release|Any CPU
		{87198339-F893-4695-A8A9-B805C0E429DE}.Debug|Any CPU.ActiveCfg = Debug|Any CPU
		{87198339-F893-4695-A8A9-B805C0E429DE}.Debug|Any CPU.Build.0 = Debug|Any CPU
		{87198339-F893-4695-A8A9-B805C0E429DE}.Debug|x86.ActiveCfg = Debug|Any CPU
		{87198339-F893-4695-A8A9-B805C0E429DE}.Debug|x86.Build.0 = Debug|Any CPU
		{87198339-F893-4695-A8A9-B805C0E429DE}.Release|Any CPU.ActiveCfg = Release|Any CPU
		{87198339-F893-4695-A8A9-B805C0E429DE}.Release|Any CPU.Build.0 = Release|Any CPU
		{87198339-F893-4695-A8A9-B805C0E429DE}.Release|x86.ActiveCfg = Release|Any CPU
		{87198339-F893-4695-A8A9-B805C0E429DE}.Release|x86.Build.0 = Release|Any CPU
		{A7CE64AF-D817-49F6-AED9-1207AA47B103}.Debug|Any CPU.ActiveCfg = Debug|Any CPU
		{A7CE64AF-D817-49F6-AED9-1207AA47B103}.Debug|Any CPU.Build.0 = Debug|Any CPU
		{A7CE64AF-D817-49F6-AED9-1207AA47B103}.Debug|x86.ActiveCfg = Debug|Any CPU
		{A7CE64AF-D817-49F6-AED9-1207AA47B103}.Debug|x86.Build.0 = Debug|Any CPU
		{A7CE64AF-D817-49F6-AED9-1207AA47B103}.Release|Any CPU.ActiveCfg = Release|Any CPU
		{A7CE64AF-D817-49F6-AED9-1207AA47B103}.Release|Any CPU.Build.0 = Release|Any CPU
		{A7CE64AF-D817-49F6-AED9-1207AA47B103}.Release|x86.ActiveCfg = Release|Any CPU
		{A7CE64AF-D817-49F6-AED9-1207AA47B103}.Release|x86.Build.0 = Release|Any CPU
		{C834DA40-4D77-4BE0-BF4E-1DA6A1A72F21}.Debug|Any CPU.ActiveCfg = Debug|x86
		{C834DA40-4D77-4BE0-BF4E-1DA6A1A72F21}.Debug|Any CPU.Build.0 = Debug|x86
		{C834DA40-4D77-4BE0-BF4E-1DA6A1A72F21}.Debug|x86.ActiveCfg = Debug|x86
		{C834DA40-4D77-4BE0-BF4E-1DA6A1A72F21}.Debug|x86.Build.0 = Debug|x86
		{C834DA40-4D77-4BE0-BF4E-1DA6A1A72F21}.Release|Any CPU.ActiveCfg = Release|x86
		{C834DA40-4D77-4BE0-BF4E-1DA6A1A72F21}.Release|Any CPU.Build.0 = Release|x86
		{C834DA40-4D77-4BE0-BF4E-1DA6A1A72F21}.Release|x86.ActiveCfg = Release|x86
		{C834DA40-4D77-4BE0-BF4E-1DA6A1A72F21}.Release|x86.Build.0 = Release|x86
		{B61A3763-0753-434B-A3F0-F96F81A43407}.Debug|Any CPU.ActiveCfg = Debug|x86
		{B61A3763-0753-434B-A3F0-F96F81A43407}.Debug|Any CPU.Build.0 = Debug|x86
		{B61A3763-0753-434B-A3F0-F96F81A43407}.Debug|x86.ActiveCfg = Debug|x86
		{B61A3763-0753-434B-A3F0-F96F81A43407}.Debug|x86.Build.0 = Debug|x86
		{B61A3763-0753-434B-A3F0-F96F81A43407}.Release|Any CPU.ActiveCfg = Release|x86
		{B61A3763-0753-434B-A3F0-F96F81A43407}.Release|Any CPU.Build.0 = Release|x86
		{B61A3763-0753-434B-A3F0-F96F81A43407}.Release|x86.ActiveCfg = Release|x86
		{B61A3763-0753-434B-A3F0-F96F81A43407}.Release|x86.Build.0 = Release|x86
		{032D4072-D405-4D11-9E06-6EA005C59298}.Debug|Any CPU.ActiveCfg = Debug|x86
		{032D4072-D405-4D11-9E06-6EA005C59298}.Debug|Any CPU.Build.0 = Debug|x86
		{032D4072-D405-4D11-9E06-6EA005C59298}.Debug|x86.ActiveCfg = Debug|x86
		{032D4072-D405-4D11-9E06-6EA005C59298}.Debug|x86.Build.0 = Debug|x86
		{032D4072-D405-4D11-9E06-6EA005C59298}.Release|Any CPU.ActiveCfg = Release|x86
		{032D4072-D405-4D11-9E06-6EA005C59298}.Release|Any CPU.Build.0 = Release|x86
		{032D4072-D405-4D11-9E06-6EA005C59298}.Release|x86.ActiveCfg = Release|x86
		{032D4072-D405-4D11-9E06-6EA005C59298}.Release|x86.Build.0 = Release|x86
		{E23271A2-39E0-42B9-9297-B38407BF7F07}.Debug|Any CPU.ActiveCfg = Debug|x86
		{E23271A2-39E0-42B9-9297-B38407BF7F07}.Debug|Any CPU.Build.0 = Debug|x86
		{E23271A2-39E0-42B9-9297-B38407BF7F07}.Debug|x86.ActiveCfg = Debug|x86
		{E23271A2-39E0-42B9-9297-B38407BF7F07}.Debug|x86.Build.0 = Debug|x86
		{E23271A2-39E0-42B9-9297-B38407BF7F07}.Release|Any CPU.ActiveCfg = Release|x86
		{E23271A2-39E0-42B9-9297-B38407BF7F07}.Release|Any CPU.Build.0 = Release|x86
		{E23271A2-39E0-42B9-9297-B38407BF7F07}.Release|x86.ActiveCfg = Release|x86
		{E23271A2-39E0-42B9-9297-B38407BF7F07}.Release|x86.Build.0 = Release|x86
		{BF685FE9-2BB3-403C-A905-BCE3B4008AFF}.Debug|Any CPU.ActiveCfg = Debug|Any CPU
		{BF685FE9-2BB3-403C-A905-BCE3B4008AFF}.Debug|Any CPU.Build.0 = Debug|Any CPU
		{BF685FE9-2BB3-403C-A905-BCE3B4008AFF}.Debug|x86.ActiveCfg = Debug|Any CPU
		{BF685FE9-2BB3-403C-A905-BCE3B4008AFF}.Debug|x86.Build.0 = Debug|Any CPU
		{BF685FE9-2BB3-403C-A905-BCE3B4008AFF}.Release|Any CPU.ActiveCfg = Release|Any CPU
		{BF685FE9-2BB3-403C-A905-BCE3B4008AFF}.Release|Any CPU.Build.0 = Release|Any CPU
		{BF685FE9-2BB3-403C-A905-BCE3B4008AFF}.Release|x86.ActiveCfg = Release|Any CPU
		{BF685FE9-2BB3-403C-A905-BCE3B4008AFF}.Release|x86.Build.0 = Release|Any CPU
		{36987782-5D6B-47F1-9656-F3E9F22DC429}.Debug|Any CPU.ActiveCfg = Debug|x86
		{36987782-5D6B-47F1-9656-F3E9F22DC429}.Debug|Any CPU.Build.0 = Debug|x86
		{36987782-5D6B-47F1-9656-F3E9F22DC429}.Debug|x86.ActiveCfg = Debug|x86
		{36987782-5D6B-47F1-9656-F3E9F22DC429}.Debug|x86.Build.0 = Debug|x86
		{36987782-5D6B-47F1-9656-F3E9F22DC429}.Release|Any CPU.ActiveCfg = Release|x86
		{36987782-5D6B-47F1-9656-F3E9F22DC429}.Release|Any CPU.Build.0 = Release|x86
		{36987782-5D6B-47F1-9656-F3E9F22DC429}.Release|x86.ActiveCfg = Release|x86
		{36987782-5D6B-47F1-9656-F3E9F22DC429}.Release|x86.Build.0 = Release|x86
		{FBF4367D-7AD4-4AAC-B721-711C8BE6A5E7}.Debug|Any CPU.ActiveCfg = Debug|Any CPU
		{FBF4367D-7AD4-4AAC-B721-711C8BE6A5E7}.Debug|Any CPU.Build.0 = Debug|Any CPU
		{FBF4367D-7AD4-4AAC-B721-711C8BE6A5E7}.Debug|x86.ActiveCfg = Debug|Any CPU
		{FBF4367D-7AD4-4AAC-B721-711C8BE6A5E7}.Debug|x86.Build.0 = Debug|Any CPU
		{FBF4367D-7AD4-4AAC-B721-711C8BE6A5E7}.Release|Any CPU.ActiveCfg = Release|Any CPU
		{FBF4367D-7AD4-4AAC-B721-711C8BE6A5E7}.Release|Any CPU.Build.0 = Release|Any CPU
		{FBF4367D-7AD4-4AAC-B721-711C8BE6A5E7}.Release|x86.ActiveCfg = Release|Any CPU
		{FBF4367D-7AD4-4AAC-B721-711C8BE6A5E7}.Release|x86.Build.0 = Release|Any CPU
		{34D22D78-D1FF-412A-B515-C0EE57A0F3F7}.Debug|Any CPU.ActiveCfg = Debug|Any CPU
		{34D22D78-D1FF-412A-B515-C0EE57A0F3F7}.Debug|Any CPU.Build.0 = Debug|Any CPU
		{34D22D78-D1FF-412A-B515-C0EE57A0F3F7}.Debug|x86.ActiveCfg = Debug|Any CPU
		{34D22D78-D1FF-412A-B515-C0EE57A0F3F7}.Debug|x86.Build.0 = Debug|Any CPU
		{34D22D78-D1FF-412A-B515-C0EE57A0F3F7}.Release|Any CPU.ActiveCfg = Release|Any CPU
		{34D22D78-D1FF-412A-B515-C0EE57A0F3F7}.Release|Any CPU.Build.0 = Release|Any CPU
		{34D22D78-D1FF-412A-B515-C0EE57A0F3F7}.Release|x86.ActiveCfg = Release|Any CPU
		{34D22D78-D1FF-412A-B515-C0EE57A0F3F7}.Release|x86.Build.0 = Release|Any CPU
		{92CB9B20-EFFE-417E-85EB-AC2CD0F5F10F}.Debug|Any CPU.ActiveCfg = Debug|Any CPU
		{92CB9B20-EFFE-417E-85EB-AC2CD0F5F10F}.Debug|Any CPU.Build.0 = Debug|Any CPU
		{92CB9B20-EFFE-417E-85EB-AC2CD0F5F10F}.Debug|x86.ActiveCfg = Debug|Any CPU
		{92CB9B20-EFFE-417E-85EB-AC2CD0F5F10F}.Debug|x86.Build.0 = Debug|Any CPU
		{92CB9B20-EFFE-417E-85EB-AC2CD0F5F10F}.Release|Any CPU.ActiveCfg = Release|Any CPU
		{92CB9B20-EFFE-417E-85EB-AC2CD0F5F10F}.Release|Any CPU.Build.0 = Release|Any CPU
		{92CB9B20-EFFE-417E-85EB-AC2CD0F5F10F}.Release|x86.ActiveCfg = Release|Any CPU
		{92CB9B20-EFFE-417E-85EB-AC2CD0F5F10F}.Release|x86.Build.0 = Release|Any CPU
		{C75CEE2B-0DB8-46DC-91E3-A4B7BE414CFC}.Debug|Any CPU.ActiveCfg = Debug|Any CPU
		{C75CEE2B-0DB8-46DC-91E3-A4B7BE414CFC}.Debug|Any CPU.Build.0 = Debug|Any CPU
		{C75CEE2B-0DB8-46DC-91E3-A4B7BE414CFC}.Debug|x86.ActiveCfg = Debug|Any CPU
		{C75CEE2B-0DB8-46DC-91E3-A4B7BE414CFC}.Debug|x86.Build.0 = Debug|Any CPU
		{C75CEE2B-0DB8-46DC-91E3-A4B7BE414CFC}.Release|Any CPU.ActiveCfg = Release|Any CPU
		{C75CEE2B-0DB8-46DC-91E3-A4B7BE414CFC}.Release|Any CPU.Build.0 = Release|Any CPU
		{C75CEE2B-0DB8-46DC-91E3-A4B7BE414CFC}.Release|x86.ActiveCfg = Release|Any CPU
		{C75CEE2B-0DB8-46DC-91E3-A4B7BE414CFC}.Release|x86.Build.0 = Release|Any CPU
		{F91FFA03-02AB-4B75-B0E0-9E75A400FE65}.Debug|Any CPU.ActiveCfg = Debug|Any CPU
		{F91FFA03-02AB-4B75-B0E0-9E75A400FE65}.Debug|Any CPU.Build.0 = Debug|Any CPU
		{F91FFA03-02AB-4B75-B0E0-9E75A400FE65}.Debug|x86.ActiveCfg = Debug|Any CPU
		{F91FFA03-02AB-4B75-B0E0-9E75A400FE65}.Debug|x86.Build.0 = Debug|Any CPU
		{F91FFA03-02AB-4B75-B0E0-9E75A400FE65}.Release|Any CPU.ActiveCfg = Release|Any CPU
		{F91FFA03-02AB-4B75-B0E0-9E75A400FE65}.Release|Any CPU.Build.0 = Release|Any CPU
		{F91FFA03-02AB-4B75-B0E0-9E75A400FE65}.Release|x86.ActiveCfg = Release|Any CPU
		{F91FFA03-02AB-4B75-B0E0-9E75A400FE65}.Release|x86.Build.0 = Release|Any CPU
		{D256222B-6147-4C9B-8ACB-9924BF43DC26}.Debug|Any CPU.ActiveCfg = Debug|Any CPU
		{D256222B-6147-4C9B-8ACB-9924BF43DC26}.Debug|Any CPU.Build.0 = Debug|Any CPU
		{D256222B-6147-4C9B-8ACB-9924BF43DC26}.Debug|x86.ActiveCfg = Debug|Any CPU
		{D256222B-6147-4C9B-8ACB-9924BF43DC26}.Debug|x86.Build.0 = Debug|Any CPU
		{D256222B-6147-4C9B-8ACB-9924BF43DC26}.Release|Any CPU.ActiveCfg = Release|Any CPU
		{D256222B-6147-4C9B-8ACB-9924BF43DC26}.Release|Any CPU.Build.0 = Release|Any CPU
		{D256222B-6147-4C9B-8ACB-9924BF43DC26}.Release|x86.ActiveCfg = Release|Any CPU
		{D256222B-6147-4C9B-8ACB-9924BF43DC26}.Release|x86.Build.0 = Release|Any CPU
		{D5A70EAE-E74A-4F64-A17B-0B90EFF94AD0}.Debug|Any CPU.ActiveCfg = Debug|Any CPU
		{D5A70EAE-E74A-4F64-A17B-0B90EFF94AD0}.Debug|Any CPU.Build.0 = Debug|Any CPU
		{D5A70EAE-E74A-4F64-A17B-0B90EFF94AD0}.Debug|x86.ActiveCfg = Debug|Any CPU
		{D5A70EAE-E74A-4F64-A17B-0B90EFF94AD0}.Debug|x86.Build.0 = Debug|Any CPU
		{D5A70EAE-E74A-4F64-A17B-0B90EFF94AD0}.Release|Any CPU.ActiveCfg = Release|Any CPU
		{D5A70EAE-E74A-4F64-A17B-0B90EFF94AD0}.Release|Any CPU.Build.0 = Release|Any CPU
		{D5A70EAE-E74A-4F64-A17B-0B90EFF94AD0}.Release|x86.ActiveCfg = Release|Any CPU
		{D5A70EAE-E74A-4F64-A17B-0B90EFF94AD0}.Release|x86.Build.0 = Release|Any CPU
		{C03E7DD3-9683-4725-B6B4-B64DBD9E1F96}.Debug|Any CPU.ActiveCfg = Debug|Any CPU
		{C03E7DD3-9683-4725-B6B4-B64DBD9E1F96}.Debug|Any CPU.Build.0 = Debug|Any CPU
		{C03E7DD3-9683-4725-B6B4-B64DBD9E1F96}.Debug|x86.ActiveCfg = Debug|Any CPU
		{C03E7DD3-9683-4725-B6B4-B64DBD9E1F96}.Debug|x86.Build.0 = Debug|Any CPU
		{C03E7DD3-9683-4725-B6B4-B64DBD9E1F96}.Release|Any CPU.ActiveCfg = Release|Any CPU
		{C03E7DD3-9683-4725-B6B4-B64DBD9E1F96}.Release|Any CPU.Build.0 = Release|Any CPU
		{C03E7DD3-9683-4725-B6B4-B64DBD9E1F96}.Release|x86.ActiveCfg = Release|Any CPU
		{C03E7DD3-9683-4725-B6B4-B64DBD9E1F96}.Release|x86.Build.0 = Release|Any CPU
		{E120B360-27DB-4BF2-BC84-FFCDAB4F2904}.Debug|Any CPU.ActiveCfg = Debug|Any CPU
		{E120B360-27DB-4BF2-BC84-FFCDAB4F2904}.Debug|Any CPU.Build.0 = Debug|Any CPU
		{E120B360-27DB-4BF2-BC84-FFCDAB4F2904}.Debug|x86.ActiveCfg = Debug|Any CPU
		{E120B360-27DB-4BF2-BC84-FFCDAB4F2904}.Debug|x86.Build.0 = Debug|Any CPU
		{E120B360-27DB-4BF2-BC84-FFCDAB4F2904}.Release|Any CPU.ActiveCfg = Release|Any CPU
		{E120B360-27DB-4BF2-BC84-FFCDAB4F2904}.Release|Any CPU.Build.0 = Release|Any CPU
		{E120B360-27DB-4BF2-BC84-FFCDAB4F2904}.Release|x86.ActiveCfg = Release|Any CPU
		{E120B360-27DB-4BF2-BC84-FFCDAB4F2904}.Release|x86.Build.0 = Release|Any CPU
		{3E58986D-6477-4EAD-A6B1-9F297CFE6CAD}.Debug|Any CPU.ActiveCfg = Debug|Any CPU
		{3E58986D-6477-4EAD-A6B1-9F297CFE6CAD}.Debug|Any CPU.Build.0 = Debug|Any CPU
		{3E58986D-6477-4EAD-A6B1-9F297CFE6CAD}.Debug|x86.ActiveCfg = Debug|Any CPU
		{3E58986D-6477-4EAD-A6B1-9F297CFE6CAD}.Debug|x86.Build.0 = Debug|Any CPU
		{3E58986D-6477-4EAD-A6B1-9F297CFE6CAD}.Release|Any CPU.ActiveCfg = Release|Any CPU
		{3E58986D-6477-4EAD-A6B1-9F297CFE6CAD}.Release|Any CPU.Build.0 = Release|Any CPU
		{3E58986D-6477-4EAD-A6B1-9F297CFE6CAD}.Release|x86.ActiveCfg = Release|Any CPU
		{3E58986D-6477-4EAD-A6B1-9F297CFE6CAD}.Release|x86.Build.0 = Release|Any CPU
		{A24D7DC4-D3BC-44CB-A0AD-61B7DC21B60F}.Debug|Any CPU.ActiveCfg = Debug|Any CPU
		{A24D7DC4-D3BC-44CB-A0AD-61B7DC21B60F}.Debug|Any CPU.Build.0 = Debug|Any CPU
		{A24D7DC4-D3BC-44CB-A0AD-61B7DC21B60F}.Debug|x86.ActiveCfg = Debug|Any CPU
		{A24D7DC4-D3BC-44CB-A0AD-61B7DC21B60F}.Debug|x86.Build.0 = Debug|Any CPU
		{A24D7DC4-D3BC-44CB-A0AD-61B7DC21B60F}.Release|Any CPU.ActiveCfg = Release|Any CPU
		{A24D7DC4-D3BC-44CB-A0AD-61B7DC21B60F}.Release|Any CPU.Build.0 = Release|Any CPU
		{A24D7DC4-D3BC-44CB-A0AD-61B7DC21B60F}.Release|x86.ActiveCfg = Release|Any CPU
		{A24D7DC4-D3BC-44CB-A0AD-61B7DC21B60F}.Release|x86.Build.0 = Release|Any CPU
	EndGlobalSection
	GlobalSection(SolutionProperties) = preSolution
		HideSolutionNode = FALSE
	EndGlobalSection
	GlobalSection(NestedProjects) = preSolution
		{4AB97292-1C52-4580-9925-DACB6340C1B6} = {FEE05C49-48D9-4B21-9C6C-88B200008A43}
		{2489C07E-9AFE-4DAE-8794-79D70A73D3BA} = {FEE05C49-48D9-4B21-9C6C-88B200008A43}
		{D501ED63-AEAF-40E6-8D91-E19F39F77A52} = {4EA3AC3F-0FDD-43CF-8B5B-C09C354F0A92}
		{DB9796B2-00B4-42E5-8656-5C2CE616E19D} = {4EA3AC3F-0FDD-43CF-8B5B-C09C354F0A92}
		{0D296136-803C-425B-88C7-D8EBD77E4183} = {81D61B4C-8BB7-4E6A-8E18-656409D73976}
		{C3A9E993-43F6-4F66-B831-61D0C082B7DE} = {A59E12EA-B1FE-427C-8C91-F97B9217D0BC}
		{1D96727D-D402-418C-97AE-985446E74740} = {A59E12EA-B1FE-427C-8C91-F97B9217D0BC}
		{1FE614FC-C6CC-4101-A711-C5B72DE9FDF6} = {5CC935C0-E6B4-4D97-A8E0-79664C7F7155}
		{6FBE5F7F-448F-4B73-AF9A-05657A51AF53} = {5CC935C0-E6B4-4D97-A8E0-79664C7F7155}
		{1325F578-9D53-4EBA-818F-5868283B57FB} = {5CC935C0-E6B4-4D97-A8E0-79664C7F7155}
		{AA42F438-560F-4CC6-820A-E3F1638CBEBA} = {5CC935C0-E6B4-4D97-A8E0-79664C7F7155}
		{87198339-F893-4695-A8A9-B805C0E429DE} = {BCAB62F7-5304-4289-90BB-0BBB20CB5690}
		{A7CE64AF-D817-49F6-AED9-1207AA47B103} = {BCAB62F7-5304-4289-90BB-0BBB20CB5690}
		{C834DA40-4D77-4BE0-BF4E-1DA6A1A72F21} = {C759CDD6-C6CE-4BA0-9BBA-D9312915FB12}
		{B61A3763-0753-434B-A3F0-F96F81A43407} = {9A1E8F02-227C-413E-8A30-278678C4D8EB}
		{032D4072-D405-4D11-9E06-6EA005C59298} = {38A3DFC3-FBF3-4923-8900-54A23F46387E}
		{E23271A2-39E0-42B9-9297-B38407BF7F07} = {38A3DFC3-FBF3-4923-8900-54A23F46387E}
		{BF685FE9-2BB3-403C-A905-BCE3B4008AFF} = {CFC2FE9D-BCBB-47EF-B16B-2C5315434EF7}
		{36987782-5D6B-47F1-9656-F3E9F22DC429} = {FEE05C49-48D9-4B21-9C6C-88B200008A43}
		{FBF4367D-7AD4-4AAC-B721-711C8BE6A5E7} = {FEE05C49-48D9-4B21-9C6C-88B200008A43}
		{34D22D78-D1FF-412A-B515-C0EE57A0F3F7} = {FEE05C49-48D9-4B21-9C6C-88B200008A43}
		{92CB9B20-EFFE-417E-85EB-AC2CD0F5F10F} = {4EA3AC3F-0FDD-43CF-8B5B-C09C354F0A92}
		{C75CEE2B-0DB8-46DC-91E3-A4B7BE414CFC} = {4EA3AC3F-0FDD-43CF-8B5B-C09C354F0A92}
		{F91FFA03-02AB-4B75-B0E0-9E75A400FE65} = {4EA3AC3F-0FDD-43CF-8B5B-C09C354F0A92}
		{D256222B-6147-4C9B-8ACB-9924BF43DC26} = {81D61B4C-8BB7-4E6A-8E18-656409D73976}
		{D5A70EAE-E74A-4F64-A17B-0B90EFF94AD0} = {A59E12EA-B1FE-427C-8C91-F97B9217D0BC}
		{C03E7DD3-9683-4725-B6B4-B64DBD9E1F96} = {5CC935C0-E6B4-4D97-A8E0-79664C7F7155}
		{E120B360-27DB-4BF2-BC84-FFCDAB4F2904} = {5CC935C0-E6B4-4D97-A8E0-79664C7F7155}
		{3E58986D-6477-4EAD-A6B1-9F297CFE6CAD} = {5CC935C0-E6B4-4D97-A8E0-79664C7F7155}
		{A24D7DC4-D3BC-44CB-A0AD-61B7DC21B60F} = {81D61B4C-8BB7-4E6A-8E18-656409D73976}
	EndGlobalSection
	GlobalSection(ExtensibilityGlobals) = postSolution
		SolutionGuid = {C4787619-3D77-4EB7-932A-C0B36D7D1284}
	EndGlobalSection
EndGlobal
